{
  "name": "hosting",
  "lockfileVersion": 2,
  "requires": true,
  "packages": {
    "": {
      "dependencies": {
        "billplz": "^1.0.3"
      }
    },
    "node_modules/billplz": {
      "version": "1.0.3",
      "resolved": "https://registry.npmjs.org/billplz/-/billplz-1.0.3.tgz",
      "integrity": "sha512-hECIpB1Rd0qPG5Znk+1Vthz8ywdwAID49B3xYc4zZoIBqpokPWXFAPMphMnXxIpOZZweH3ScnBtwfpo3O9bVUw==",
      "dependencies": {
        "wreck": "^9.0.0"
      }
    },
    "node_modules/boom": {
      "version": "3.2.2",
      "resolved": "https://registry.npmjs.org/boom/-/boom-3.2.2.tgz",
      "integrity": "sha512-yQ2/XD/jDLDwhWMX4Pl/fGhkRaNqHwJZ8wsGsEvj9QufQuvDr/BX9jvZrIqzs8OTDnHc9QY/iTn7XJ9Y+HvFHg==",
      "deprecated": "This version has been deprecated in accordance with the hapi support policy (hapi.im/support). Please upgrade to the latest version to get the best features, bug fixes, and security patches. If you are unable to upgrade at this time, paid support is available for older versions (hapi.im/commercial).",
      "dependencies": {
        "hoek": "4.x.x"
      },
      "engines": {
        "node": ">=4.0.0"
      }
    },
    "node_modules/hoek": {
      "version": "4.2.1",
      "resolved": "https://registry.npmjs.org/hoek/-/hoek-4.2.1.tgz",
      "integrity": "sha512-QLg82fGkfnJ/4iy1xZ81/9SIJiq1NGFUMGs6ParyjBZr6jW2Ufj/snDqTHixNlHdPNwN2RLVD0Pi3igeK9+JfA==",
      "deprecated": "This version has been deprecated in accordance with the hapi support policy (hapi.im/support). Please upgrade to the latest version to get the best features, bug fixes, and security patches. If you are unable to upgrade at this time, paid support is available for older versions (hapi.im/commercial).",
      "engines": {
        "node": ">=4.0.0"
      }
    },
    "node_modules/wreck": {
      "version": "9.0.0",
      "resolved": "https://registry.npmjs.org/wreck/-/wreck-9.0.0.tgz",
      "integrity": "sha512-scanQ8otrrigqder3RFEAmjAwSDSkPKn6faoQsw6FYpWPUPCvJs64wJolr3waNJibc0rRIHl217wVBS8dZLn4w==",
      "deprecated": "This version has been deprecated in accordance with the hapi support policy (hapi.im/support). Please upgrade to the latest version to get the best features, bug fixes, and security patches. If you are unable to upgrade at this time, paid support is available for older versions (hapi.im/commercial).",
      "dependencies": {
        "boom": "3.x.x",
        "hoek": "4.x.x"
      },
      "engines": {
        "node": ">=4.0.0"
      }
    }
  },
  "dependencies": {
    "billplz": {
      "version": "1.0.3",
      "resolved": "https://registry.npmjs.org/billplz/-/billplz-1.0.3.tgz",
      "integrity": "sha512-hECIpB1Rd0qPG5Znk+1Vthz8ywdwAID49B3xYc4zZoIBqpokPWXFAPMphMnXxIpOZZweH3ScnBtwfpo3O9bVUw==",
      "requires": {
        "wreck": "^9.0.0"
      }
    },
    "boom": {
      "version": "3.2.2",
      "resolved": "https://registry.npmjs.org/boom/-/boom-3.2.2.tgz",
      "integrity": "sha512-yQ2/XD/jDLDwhWMX4Pl/fGhkRaNqHwJZ8wsGsEvj9QufQuvDr/BX9jvZrIqzs8OTDnHc9QY/iTn7XJ9Y+HvFHg==",
      "requires": {
        "hoek": "4.x.x"
      }
    },
    "hoek": {
      "version": "4.2.1",
      "resolved": "https://registry.npmjs.org/hoek/-/hoek-4.2.1.tgz",
      "integrity": "sha512-QLg82fGkfnJ/4iy1xZ81/9SIJiq1NGFUMGs6ParyjBZr6jW2Ufj/snDqTHixNlHdPNwN2RLVD0Pi3igeK9+JfA=="
    },
    "wreck": {
      "version": "9.0.0",
      "resolved": "https://registry.npmjs.org/wreck/-/wreck-9.0.0.tgz",
      "integrity": "sha512-scanQ8otrrigqder3RFEAmjAwSDSkPKn6faoQsw6FYpWPUPCvJs64wJolr3waNJibc0rRIHl217wVBS8dZLn4w==",
      "requires": {
        "boom": "3.x.x",
        "hoek": "4.x.x"
      }
    }
  }
}
